# This file is automatically @generated by Cargo.
# It is not intended for manual editing.
version = 3

[[package]]
name = "check"
version = "0.1.0"
dependencies = [
 "util",
]

[[package]]
name = "compiler"
version = "0.1.0"
dependencies = [
 "check",
 "lexer",
 "llvm",
 "parser",
 "util",
]

[[package]]
name = "heck"
version = "0.3.3"
source = "registry+https://github.com/rust-lang/crates.io-index"
checksum = "6d621efb26863f0e9924c6ac577e8275e5e6b77455db64ffa6c65c904e9e132c"
dependencies = [
 "unicode-segmentation",
]

[[package]]
name = "lexer"
version = "0.1.0"
dependencies = [
 "linked-list",
 "util",
]

[[package]]
name = "linked-list"
version = "0.0.3"
source = "registry+https://github.com/rust-lang/crates.io-index"
checksum = "a4dacf969043dc69f1f731b5042eb05e030d264bcf34f2242889fcbdc7a65f06"

[[package]]
name = "llvm"
version = "0.1.0"

[[package]]
name = "parser"
version = "0.1.0"
dependencies = [
 "lexer",
 "util",
]

[[package]]
name = "proc-macro2"
version = "0.4.30"
source = "registry+https://github.com/rust-lang/crates.io-index"
checksum = "cf3d2011ab5c909338f7887f4fc896d35932e29146c12c8d01da6b22a80ba759"
dependencies = [
 "unicode-xid",
]

[[package]]
name = "quote"
version = "0.6.13"
source = "registry+https://github.com/rust-lang/crates.io-index"
checksum = "6ce23b6b870e8f94f81fb0a363d65d86675884b34a09043c81e5562f11c1f8e1"
dependencies = [
 "proc-macro2",
]

[[package]]
name = "strum"
version = "0.13.0"
source = "registry+https://github.com/rust-lang/crates.io-index"
checksum = "f6b3fc98c482ff9bb37a6db6a6491218c4c82bec368bd5682033e5b96b969143"

[[package]]
name = "strum_macros"
version = "0.13.0"
source = "registry+https://github.com/rust-lang/crates.io-index"
checksum = "6969d7021d96b53b12b774d4f412026f1debe7f168a0b8c59e93b4c1e850a05f"
dependencies = [
 "heck",
 "proc-macro2",
 "quote",
 "syn",
]

[[package]]
name = "syn"
version = "0.15.44"
source = "registry+https://github.com/rust-lang/crates.io-index"
checksum = "9ca4b3b69a77cbe1ffc9e198781b7acb0c7365a883670e8f1c1bc66fba79a5c5"
dependencies = [
 "proc-macro2",
 "quote",
 "unicode-xid",
]

[[package]]
name = "unicode-segmentation"
version = "1.9.0"
source = "registry+https://github.com/rust-lang/crates.io-index"
checksum = "7e8820f5d777f6224dc4be3632222971ac30164d4a258d595640799554ebfd99"

[[package]]
name = "unicode-xid"
version = "0.1.0"
source = "registry+https://github.com/rust-lang/crates.io-index"
checksum = "fc72304796d0818e357ead4e000d19c9c174ab23dc11093ac919054d20a6a7fc"

[[package]]
name = "util"
version = "0.1.0"
dependencies = [
 "strum",
 "strum_macros",
]
